
Microsoft Visual Studio Solution File, Format Version 12.00
# Visual Studio Version 16
VisualStudioVersion = 16.0.30804.86
MinimumVisualStudioVersion = 10.0.40219.1
Project("{2150E333-8FDC-42A3-9474-1A3956D46DE8}") = "CMakePredefinedTargets", "CMakePredefinedTargets", "{5F3B208C-7BF1-3673-AB06-B71303958C17}"
EndProject
Project("{2150E333-8FDC-42A3-9474-1A3956D46DE8}") = "GLFW3", "GLFW3", "{3F177439-4889-3761-8D02-4A15E9073DDC}"
EndProject
Project("{2150E333-8FDC-42A3-9474-1A3956D46DE8}") = "Examples", "Examples", "{E88BC203-81C0-383B-A412-B4F47209342D}"
EndProject
Project("{2150E333-8FDC-42A3-9474-1A3956D46DE8}") = "Tests", "Tests", "{948A9036-65F5-34DC-8EF7-4C99F3B8ADCC}"
EndProject
Project("{8BC9CEB8-8B4A-11D0-8D11-00A0C91BC942}") = "ALL_BUILD", "..\vendor\glfw\build\ALL_BUILD.vcxproj", "{104733DD-4C8A-37F2-A35C-806E2719B944}"
	ProjectSection(ProjectDependencies) = postProject
		{95994F4D-4612-34D1-98FA-65F258E52B75} = {95994F4D-4612-34D1-98FA-65F258E52B75}
		{BFB6E0E7-8758-3A93-AED4-F427E534C64D} = {BFB6E0E7-8758-3A93-AED4-F427E534C64D}
		{B9D383BC-E08D-3EB0-9220-C18C92102EDD} = {B9D383BC-E08D-3EB0-9220-C18C92102EDD}
		{CE62CA9A-55FE-3399-AFA2-B08BF3D43743} = {CE62CA9A-55FE-3399-AFA2-B08BF3D43743}
		{C8C5BA0C-947D-34A6-98A2-1A96F542381E} = {C8C5BA0C-947D-34A6-98A2-1A96F542381E}
		{F027F668-F66C-3876-9860-03E6FA29AFEB} = {F027F668-F66C-3876-9860-03E6FA29AFEB}
		{504E97CC-BD89-3491-8CE1-6CFBFB5AB549} = {504E97CC-BD89-3491-8CE1-6CFBFB5AB549}
		{E23313BC-8AA7-3974-899D-2D1A80B0C187} = {E23313BC-8AA7-3974-899D-2D1A80B0C187}
		{EA4134F4-82B4-3EBC-AF85-1DFAFFA72FF0} = {EA4134F4-82B4-3EBC-AF85-1DFAFFA72FF0}
		{535B68C8-F4BA-357C-8B7F-24F73A9A6853} = {535B68C8-F4BA-357C-8B7F-24F73A9A6853}
		{A2001C46-2903-395B-AB2E-60BA42509EED} = {A2001C46-2903-395B-AB2E-60BA42509EED}
		{B6D42D27-96B4-3AC4-994B-8C193DE0B69D} = {B6D42D27-96B4-3AC4-994B-8C193DE0B69D}
		{D9CCC0A2-B55D-34BC-A005-F2260F393408} = {D9CCC0A2-B55D-34BC-A005-F2260F393408}
		{6CA338B5-ADA4-32DE-94E8-919ECF7E2509} = {6CA338B5-ADA4-32DE-94E8-919ECF7E2509}
		{CA3839E9-68B4-3FFA-BA40-527038D068B0} = {CA3839E9-68B4-3FFA-BA40-527038D068B0}
		{0B4A1626-7CD7-34A8-861B-698CECAC0F3A} = {0B4A1626-7CD7-34A8-861B-698CECAC0F3A}
		{F067DE1A-95CB-3BCA-946F-4A1EAB9B99A6} = {F067DE1A-95CB-3BCA-946F-4A1EAB9B99A6}
		{C057B75C-2291-3D8C-A40B-53616FC8F187} = {C057B75C-2291-3D8C-A40B-53616FC8F187}
		{0FEB59CB-9222-3088-9888-6171A8ECA41B} = {0FEB59CB-9222-3088-9888-6171A8ECA41B}
		{54D0C71C-899C-3D09-ABDA-9496C411200A} = {54D0C71C-899C-3D09-ABDA-9496C411200A}
		{8CEE9B3F-FF2F-3B0F-82E0-11E51EBD7BE4} = {8CEE9B3F-FF2F-3B0F-82E0-11E51EBD7BE4}
		{104826E8-2D85-3D34-B9AE-F3BF7A57ECCB} = {104826E8-2D85-3D34-B9AE-F3BF7A57ECCB}
		{0E56DA10-7382-3079-AE99-374EAFB1F9FE} = {0E56DA10-7382-3079-AE99-374EAFB1F9FE}
		{6E6BC85D-D9F6-39C2-9B86-9CD076345748} = {6E6BC85D-D9F6-39C2-9B86-9CD076345748}
		{5CA2FB42-B4A4-38FB-8648-4AE69EC0F971} = {5CA2FB42-B4A4-38FB-8648-4AE69EC0F971}
		{E46771EE-53F2-30C9-8156-77A281887397} = {E46771EE-53F2-30C9-8156-77A281887397}
		{7E4323F2-8052-35F7-B5D6-3E6CFF62B916} = {7E4323F2-8052-35F7-B5D6-3E6CFF62B916}
		{09C912EB-D6EF-3F11-BC11-D954A981E147} = {09C912EB-D6EF-3F11-BC11-D954A981E147}
		{15219FC0-AFBB-3AA0-9614-239A6C7E5D2D} = {15219FC0-AFBB-3AA0-9614-239A6C7E5D2D}
		{4228DC3E-ACBE-3115-A663-02CC2EF83143} = {4228DC3E-ACBE-3115-A663-02CC2EF83143}
		{4C0FB460-BBF9-3AAA-879E-49F91696C978} = {4C0FB460-BBF9-3AAA-879E-49F91696C978}
		{1F2C5C5D-584E-3CC6-9A80-103E5B3D7E46} = {1F2C5C5D-584E-3CC6-9A80-103E5B3D7E46}
		{3A96C3E8-461E-3182-90D8-A2DDD06CE6A4} = {3A96C3E8-461E-3182-90D8-A2DDD06CE6A4}
	EndProjectSection
EndProject
Project("{8BC9CEB8-8B4A-11D0-8D11-00A0C91BC942}") = "INSTALL", "..\vendor\glfw\build\INSTALL.vcxproj", "{21E6D30E-2939-3083-80D0-ADB8BA6DE776}"
	ProjectSection(ProjectDependencies) = postProject
		{104733DD-4C8A-37F2-A35C-806E2719B944} = {104733DD-4C8A-37F2-A35C-806E2719B944}
		{95994F4D-4612-34D1-98FA-65F258E52B75} = {95994F4D-4612-34D1-98FA-65F258E52B75}
	EndProjectSection
EndProject
Project("{8BC9CEB8-8B4A-11D0-8D11-00A0C91BC942}") = "ZERO_CHECK", "..\vendor\glfw\build\ZERO_CHECK.vcxproj", "{95994F4D-4612-34D1-98FA-65F258E52B75}"
EndProject
Project("{8BC9CEB8-8B4A-11D0-8D11-00A0C91BC942}") = "allocator", "..\vendor\glfw\build\tests\allocator.vcxproj", "{BFB6E0E7-8758-3A93-AED4-F427E534C64D}"
	ProjectSection(ProjectDependencies) = postProject
		{95994F4D-4612-34D1-98FA-65F258E52B75} = {95994F4D-4612-34D1-98FA-65F258E52B75}
		{535B68C8-F4BA-357C-8B7F-24F73A9A6853} = {535B68C8-F4BA-357C-8B7F-24F73A9A6853}
	EndProjectSection
EndProject
Project("{8BC9CEB8-8B4A-11D0-8D11-00A0C91BC942}") = "boing", "..\vendor\glfw\build\examples\boing.vcxproj", "{B9D383BC-E08D-3EB0-9220-C18C92102EDD}"
	ProjectSection(ProjectDependencies) = postProject
		{95994F4D-4612-34D1-98FA-65F258E52B75} = {95994F4D-4612-34D1-98FA-65F258E52B75}
		{535B68C8-F4BA-357C-8B7F-24F73A9A6853} = {535B68C8-F4BA-357C-8B7F-24F73A9A6853}
	EndProjectSection
EndProject
Project("{8BC9CEB8-8B4A-11D0-8D11-00A0C91BC942}") = "clipboard", "..\vendor\glfw\build\tests\clipboard.vcxproj", "{CE62CA9A-55FE-3399-AFA2-B08BF3D43743}"
	ProjectSection(ProjectDependencies) = postProject
		{95994F4D-4612-34D1-98FA-65F258E52B75} = {95994F4D-4612-34D1-98FA-65F258E52B75}
		{535B68C8-F4BA-357C-8B7F-24F73A9A6853} = {535B68C8-F4BA-357C-8B7F-24F73A9A6853}
	EndProjectSection
EndProject
Project("{8BC9CEB8-8B4A-11D0-8D11-00A0C91BC942}") = "cursor", "..\vendor\glfw\build\tests\cursor.vcxproj", "{C8C5BA0C-947D-34A6-98A2-1A96F542381E}"
	ProjectSection(ProjectDependencies) = postProject
		{95994F4D-4612-34D1-98FA-65F258E52B75} = {95994F4D-4612-34D1-98FA-65F258E52B75}
		{535B68C8-F4BA-357C-8B7F-24F73A9A6853} = {535B68C8-F4BA-357C-8B7F-24F73A9A6853}
	EndProjectSection
EndProject
Project("{8BC9CEB8-8B4A-11D0-8D11-00A0C91BC942}") = "empty", "..\vendor\glfw\build\tests\empty.vcxproj", "{F027F668-F66C-3876-9860-03E6FA29AFEB}"
	ProjectSection(ProjectDependencies) = postProject
		{95994F4D-4612-34D1-98FA-65F258E52B75} = {95994F4D-4612-34D1-98FA-65F258E52B75}
		{535B68C8-F4BA-357C-8B7F-24F73A9A6853} = {535B68C8-F4BA-357C-8B7F-24F73A9A6853}
	EndProjectSection
EndProject
Project("{8BC9CEB8-8B4A-11D0-8D11-00A0C91BC942}") = "events", "..\vendor\glfw\build\tests\events.vcxproj", "{504E97CC-BD89-3491-8CE1-6CFBFB5AB549}"
	ProjectSection(ProjectDependencies) = postProject
		{95994F4D-4612-34D1-98FA-65F258E52B75} = {95994F4D-4612-34D1-98FA-65F258E52B75}
		{535B68C8-F4BA-357C-8B7F-24F73A9A6853} = {535B68C8-F4BA-357C-8B7F-24F73A9A6853}
	EndProjectSection
EndProject
Project("{8BC9CEB8-8B4A-11D0-8D11-00A0C91BC942}") = "gamma", "..\vendor\glfw\build\tests\gamma.vcxproj", "{E23313BC-8AA7-3974-899D-2D1A80B0C187}"
	ProjectSection(ProjectDependencies) = postProject
		{95994F4D-4612-34D1-98FA-65F258E52B75} = {95994F4D-4612-34D1-98FA-65F258E52B75}
		{535B68C8-F4BA-357C-8B7F-24F73A9A6853} = {535B68C8-F4BA-357C-8B7F-24F73A9A6853}
	EndProjectSection
EndProject
Project("{8BC9CEB8-8B4A-11D0-8D11-00A0C91BC942}") = "gears", "..\vendor\glfw\build\examples\gears.vcxproj", "{EA4134F4-82B4-3EBC-AF85-1DFAFFA72FF0}"
	ProjectSection(ProjectDependencies) = postProject
		{95994F4D-4612-34D1-98FA-65F258E52B75} = {95994F4D-4612-34D1-98FA-65F258E52B75}
		{535B68C8-F4BA-357C-8B7F-24F73A9A6853} = {535B68C8-F4BA-357C-8B7F-24F73A9A6853}
	EndProjectSection
EndProject
Project("{8BC9CEB8-8B4A-11D0-8D11-00A0C91BC942}") = "glfw", "..\vendor\glfw\build\src\glfw.vcxproj", "{535B68C8-F4BA-357C-8B7F-24F73A9A6853}"
	ProjectSection(ProjectDependencies) = postProject
		{95994F4D-4612-34D1-98FA-65F258E52B75} = {95994F4D-4612-34D1-98FA-65F258E52B75}
	EndProjectSection
EndProject
Project("{8BC9CEB8-8B4A-11D0-8D11-00A0C91BC942}") = "glfwinfo", "..\vendor\glfw\build\tests\glfwinfo.vcxproj", "{A2001C46-2903-395B-AB2E-60BA42509EED}"
	ProjectSection(ProjectDependencies) = postProject
		{95994F4D-4612-34D1-98FA-65F258E52B75} = {95994F4D-4612-34D1-98FA-65F258E52B75}
		{535B68C8-F4BA-357C-8B7F-24F73A9A6853} = {535B68C8-F4BA-357C-8B7F-24F73A9A6853}
	EndProjectSection
EndProject
Project("{8BC9CEB8-8B4A-11D0-8D11-00A0C91BC942}") = "heightmap", "..\vendor\glfw\build\examples\heightmap.vcxproj", "{B6D42D27-96B4-3AC4-994B-8C193DE0B69D}"
	ProjectSection(ProjectDependencies) = postProject
		{95994F4D-4612-34D1-98FA-65F258E52B75} = {95994F4D-4612-34D1-98FA-65F258E52B75}
		{535B68C8-F4BA-357C-8B7F-24F73A9A6853} = {535B68C8-F4BA-357C-8B7F-24F73A9A6853}
	EndProjectSection
EndProject
Project("{8BC9CEB8-8B4A-11D0-8D11-00A0C91BC942}") = "icon", "..\vendor\glfw\build\tests\icon.vcxproj", "{D9CCC0A2-B55D-34BC-A005-F2260F393408}"
	ProjectSection(ProjectDependencies) = postProject
		{95994F4D-4612-34D1-98FA-65F258E52B75} = {95994F4D-4612-34D1-98FA-65F258E52B75}
		{535B68C8-F4BA-357C-8B7F-24F73A9A6853} = {535B68C8-F4BA-357C-8B7F-24F73A9A6853}
	EndProjectSection
EndProject
Project("{8BC9CEB8-8B4A-11D0-8D11-00A0C91BC942}") = "iconify", "..\vendor\glfw\build\tests\iconify.vcxproj", "{6CA338B5-ADA4-32DE-94E8-919ECF7E2509}"
	ProjectSection(ProjectDependencies) = postProject
		{95994F4D-4612-34D1-98FA-65F258E52B75} = {95994F4D-4612-34D1-98FA-65F258E52B75}
		{535B68C8-F4BA-357C-8B7F-24F73A9A6853} = {535B68C8-F4BA-357C-8B7F-24F73A9A6853}
	EndProjectSection
EndProject
Project("{8BC9CEB8-8B4A-11D0-8D11-00A0C91BC942}") = "inputlag", "..\vendor\glfw\build\tests\inputlag.vcxproj", "{CA3839E9-68B4-3FFA-BA40-527038D068B0}"
	ProjectSection(ProjectDependencies) = postProject
		{95994F4D-4612-34D1-98FA-65F258E52B75} = {95994F4D-4612-34D1-98FA-65F258E52B75}
		{535B68C8-F4BA-357C-8B7F-24F73A9A6853} = {535B68C8-F4BA-357C-8B7F-24F73A9A6853}
	EndProjectSection
EndProject
Project("{8BC9CEB8-8B4A-11D0-8D11-00A0C91BC942}") = "joysticks", "..\vendor\glfw\build\tests\joysticks.vcxproj", "{0B4A1626-7CD7-34A8-861B-698CECAC0F3A}"
	ProjectSection(ProjectDependencies) = postProject
		{95994F4D-4612-34D1-98FA-65F258E52B75} = {95994F4D-4612-34D1-98FA-65F258E52B75}
		{535B68C8-F4BA-357C-8B7F-24F73A9A6853} = {535B68C8-F4BA-357C-8B7F-24F73A9A6853}
	EndProjectSection
EndProject
Project("{8BC9CEB8-8B4A-11D0-8D11-00A0C91BC942}") = "monitors", "..\vendor\glfw\build\tests\monitors.vcxproj", "{F067DE1A-95CB-3BCA-946F-4A1EAB9B99A6}"
	ProjectSection(ProjectDependencies) = postProject
		{95994F4D-4612-34D1-98FA-65F258E52B75} = {95994F4D-4612-34D1-98FA-65F258E52B75}
		{535B68C8-F4BA-357C-8B7F-24F73A9A6853} = {535B68C8-F4BA-357C-8B7F-24F73A9A6853}
	EndProjectSection
EndProject
Project("{8BC9CEB8-8B4A-11D0-8D11-00A0C91BC942}") = "msaa", "..\vendor\glfw\build\tests\msaa.vcxproj", "{C057B75C-2291-3D8C-A40B-53616FC8F187}"
	ProjectSection(ProjectDependencies) = postProject
		{95994F4D-4612-34D1-98FA-65F258E52B75} = {95994F4D-4612-34D1-98FA-65F258E52B75}
		{535B68C8-F4BA-357C-8B7F-24F73A9A6853} = {535B68C8-F4BA-357C-8B7F-24F73A9A6853}
	EndProjectSection
EndProject
Project("{8BC9CEB8-8B4A-11D0-8D11-00A0C91BC942}") = "offscreen", "..\vendor\glfw\build\examples\offscreen.vcxproj", "{0FEB59CB-9222-3088-9888-6171A8ECA41B}"
	ProjectSection(ProjectDependencies) = postProject
		{95994F4D-4612-34D1-98FA-65F258E52B75} = {95994F4D-4612-34D1-98FA-65F258E52B75}
		{535B68C8-F4BA-357C-8B7F-24F73A9A6853} = {535B68C8-F4BA-357C-8B7F-24F73A9A6853}
	EndProjectSection
EndProject
Project("{8BC9CEB8-8B4A-11D0-8D11-00A0C91BC942}") = "particles", "..\vendor\glfw\build\examples\particles.vcxproj", "{54D0C71C-899C-3D09-ABDA-9496C411200A}"
	ProjectSection(ProjectDependencies) = postProject
		{95994F4D-4612-34D1-98FA-65F258E52B75} = {95994F4D-4612-34D1-98FA-65F258E52B75}
		{535B68C8-F4BA-357C-8B7F-24F73A9A6853} = {535B68C8-F4BA-357C-8B7F-24F73A9A6853}
	EndProjectSection
EndProject
Project("{8BC9CEB8-8B4A-11D0-8D11-00A0C91BC942}") = "reopen", "..\vendor\glfw\build\tests\reopen.vcxproj", "{8CEE9B3F-FF2F-3B0F-82E0-11E51EBD7BE4}"
	ProjectSection(ProjectDependencies) = postProject
		{95994F4D-4612-34D1-98FA-65F258E52B75} = {95994F4D-4612-34D1-98FA-65F258E52B75}
		{535B68C8-F4BA-357C-8B7F-24F73A9A6853} = {535B68C8-F4BA-357C-8B7F-24F73A9A6853}
	EndProjectSection
EndProject
Project("{8BC9CEB8-8B4A-11D0-8D11-00A0C91BC942}") = "sharing", "..\vendor\glfw\build\examples\sharing.vcxproj", "{104826E8-2D85-3D34-B9AE-F3BF7A57ECCB}"
	ProjectSection(ProjectDependencies) = postProject
		{95994F4D-4612-34D1-98FA-65F258E52B75} = {95994F4D-4612-34D1-98FA-65F258E52B75}
		{535B68C8-F4BA-357C-8B7F-24F73A9A6853} = {535B68C8-F4BA-357C-8B7F-24F73A9A6853}
	EndProjectSection
EndProject
Project("{8BC9CEB8-8B4A-11D0-8D11-00A0C91BC942}") = "splitview", "..\vendor\glfw\build\examples\splitview.vcxproj", "{0E56DA10-7382-3079-AE99-374EAFB1F9FE}"
	ProjectSection(ProjectDependencies) = postProject
		{95994F4D-4612-34D1-98FA-65F258E52B75} = {95994F4D-4612-34D1-98FA-65F258E52B75}
		{535B68C8-F4BA-357C-8B7F-24F73A9A6853} = {535B68C8-F4BA-357C-8B7F-24F73A9A6853}
	EndProjectSection
EndProject
Project("{8BC9CEB8-8B4A-11D0-8D11-00A0C91BC942}") = "tearing", "..\vendor\glfw\build\tests\tearing.vcxproj", "{6E6BC85D-D9F6-39C2-9B86-9CD076345748}"
	ProjectSection(ProjectDependencies) = postProject
		{95994F4D-4612-34D1-98FA-65F258E52B75} = {95994F4D-4612-34D1-98FA-65F258E52B75}
		{535B68C8-F4BA-357C-8B7F-24F73A9A6853} = {535B68C8-F4BA-357C-8B7F-24F73A9A6853}
	EndProjectSection
EndProject
Project("{8BC9CEB8-8B4A-11D0-8D11-00A0C91BC942}") = "threads", "..\vendor\glfw\build\tests\threads.vcxproj", "{5CA2FB42-B4A4-38FB-8648-4AE69EC0F971}"
	ProjectSection(ProjectDependencies) = postProject
		{95994F4D-4612-34D1-98FA-65F258E52B75} = {95994F4D-4612-34D1-98FA-65F258E52B75}
		{535B68C8-F4BA-357C-8B7F-24F73A9A6853} = {535B68C8-F4BA-357C-8B7F-24F73A9A6853}
	EndProjectSection
EndProject
Project("{8BC9CEB8-8B4A-11D0-8D11-00A0C91BC942}") = "timeout", "..\vendor\glfw\build\tests\timeout.vcxproj", "{E46771EE-53F2-30C9-8156-77A281887397}"
	ProjectSection(ProjectDependencies) = postProject
		{95994F4D-4612-34D1-98FA-65F258E52B75} = {95994F4D-4612-34D1-98FA-65F258E52B75}
		{535B68C8-F4BA-357C-8B7F-24F73A9A6853} = {535B68C8-F4BA-357C-8B7F-24F73A9A6853}
	EndProjectSection
EndProject
Project("{8BC9CEB8-8B4A-11D0-8D11-00A0C91BC942}") = "title", "..\vendor\glfw\build\tests\title.vcxproj", "{7E4323F2-8052-35F7-B5D6-3E6CFF62B916}"
	ProjectSection(ProjectDependencies) = postProject
		{95994F4D-4612-34D1-98FA-65F258E52B75} = {95994F4D-4612-34D1-98FA-65F258E52B75}
		{535B68C8-F4BA-357C-8B7F-24F73A9A6853} = {535B68C8-F4BA-357C-8B7F-24F73A9A6853}
	EndProjectSection
EndProject
Project("{8BC9CEB8-8B4A-11D0-8D11-00A0C91BC942}") = "triangle-opengl", "..\vendor\glfw\build\examples\triangle-opengl.vcxproj", "{09C912EB-D6EF-3F11-BC11-D954A981E147}"
	ProjectSection(ProjectDependencies) = postProject
		{95994F4D-4612-34D1-98FA-65F258E52B75} = {95994F4D-4612-34D1-98FA-65F258E52B75}
		{535B68C8-F4BA-357C-8B7F-24F73A9A6853} = {535B68C8-F4BA-357C-8B7F-24F73A9A6853}
	EndProjectSection
EndProject
Project("{8BC9CEB8-8B4A-11D0-8D11-00A0C91BC942}") = "triangle-opengles", "..\vendor\glfw\build\examples\triangle-opengles.vcxproj", "{15219FC0-AFBB-3AA0-9614-239A6C7E5D2D}"
	ProjectSection(ProjectDependencies) = postProject
		{95994F4D-4612-34D1-98FA-65F258E52B75} = {95994F4D-4612-34D1-98FA-65F258E52B75}
		{535B68C8-F4BA-357C-8B7F-24F73A9A6853} = {535B68C8-F4BA-357C-8B7F-24F73A9A6853}
	EndProjectSection
EndProject
Project("{8BC9CEB8-8B4A-11D0-8D11-00A0C91BC942}") = "triangle-vulkan", "..\vendor\glfw\build\tests\triangle-vulkan.vcxproj", "{4228DC3E-ACBE-3115-A663-02CC2EF83143}"
	ProjectSection(ProjectDependencies) = postProject
		{95994F4D-4612-34D1-98FA-65F258E52B75} = {95994F4D-4612-34D1-98FA-65F258E52B75}
		{535B68C8-F4BA-357C-8B7F-24F73A9A6853} = {535B68C8-F4BA-357C-8B7F-24F73A9A6853}
	EndProjectSection
EndProject
Project("{8BC9CEB8-8B4A-11D0-8D11-00A0C91BC942}") = "uninstall", "..\vendor\glfw\build\uninstall.vcxproj", "{A5530854-26DE-3D55-9594-5FE9197F783B}"
	ProjectSection(ProjectDependencies) = postProject
		{95994F4D-4612-34D1-98FA-65F258E52B75} = {95994F4D-4612-34D1-98FA-65F258E52B75}
	EndProjectSection
EndProject
Project("{8BC9CEB8-8B4A-11D0-8D11-00A0C91BC942}") = "update_mappings", "..\vendor\glfw\build\src\update_mappings.vcxproj", "{4C897B26-E321-3FD5-83BD-231BC28115BE}"
	ProjectSection(ProjectDependencies) = postProject
		{95994F4D-4612-34D1-98FA-65F258E52B75} = {95994F4D-4612-34D1-98FA-65F258E52B75}
	EndProjectSection
EndProject
Project("{8BC9CEB8-8B4A-11D0-8D11-00A0C91BC942}") = "wave", "..\vendor\glfw\build\examples\wave.vcxproj", "{4C0FB460-BBF9-3AAA-879E-49F91696C978}"
	ProjectSection(ProjectDependencies) = postProject
		{95994F4D-4612-34D1-98FA-65F258E52B75} = {95994F4D-4612-34D1-98FA-65F258E52B75}
		{535B68C8-F4BA-357C-8B7F-24F73A9A6853} = {535B68C8-F4BA-357C-8B7F-24F73A9A6853}
	EndProjectSection
EndProject
Project("{8BC9CEB8-8B4A-11D0-8D11-00A0C91BC942}") = "window", "..\vendor\glfw\build\tests\window.vcxproj", "{1F2C5C5D-584E-3CC6-9A80-103E5B3D7E46}"
	ProjectSection(ProjectDependencies) = postProject
		{95994F4D-4612-34D1-98FA-65F258E52B75} = {95994F4D-4612-34D1-98FA-65F258E52B75}
		{535B68C8-F4BA-357C-8B7F-24F73A9A6853} = {535B68C8-F4BA-357C-8B7F-24F73A9A6853}
	EndProjectSection
EndProject
Project("{8BC9CEB8-8B4A-11D0-8D11-00A0C91BC942}") = "windows", "..\vendor\glfw\build\examples\windows.vcxproj", "{3A96C3E8-461E-3182-90D8-A2DDD06CE6A4}"
	ProjectSection(ProjectDependencies) = postProject
		{95994F4D-4612-34D1-98FA-65F258E52B75} = {95994F4D-4612-34D1-98FA-65F258E52B75}
		{535B68C8-F4BA-357C-8B7F-24F73A9A6853} = {535B68C8-F4BA-357C-8B7F-24F73A9A6853}
	EndProjectSection
EndProject
Project("{8BC9CEB8-8B4A-11D0-8D11-00A0C91BC942}") = "Blazer3dviewport", "Blazer3dviewport\Blazer3dviewport.vcxproj", "{598ECB7C-CB6C-424B-BAF2-6811DD127B69}"
EndProject
Project("{8BC9CEB8-8B4A-11D0-8D11-00A0C91BC942}") = "UnitTest1", "UnitTest1\UnitTest1.vcxproj", "{009CDB52-D2F8-4E68-8747-9438442A1CCC}"
EndProject
Global
	GlobalSection(SolutionConfigurationPlatforms) = preSolution
		Debug|x64 = Debug|x64
		Debug|x86 = Debug|x86
		MinSizeRel|x64 = MinSizeRel|x64
		MinSizeRel|x86 = MinSizeRel|x86
		Release|x64 = Release|x64
		Release|x86 = Release|x86
		RelWithDebInfo|x64 = RelWithDebInfo|x64
		RelWithDebInfo|x86 = RelWithDebInfo|x86
	EndGlobalSection
	GlobalSection(ProjectConfigurationPlatforms) = postSolution
		{104733DD-4C8A-37F2-A35C-806E2719B944}.Debug|x64.ActiveCfg = Debug|x64
		{104733DD-4C8A-37F2-A35C-806E2719B944}.Debug|x64.Build.0 = Debug|x64
		{104733DD-4C8A-37F2-A35C-806E2719B944}.Debug|x86.ActiveCfg = Debug|x64
		{104733DD-4C8A-37F2-A35C-806E2719B944}.MinSizeRel|x64.ActiveCfg = MinSizeRel|x64
		{104733DD-4C8A-37F2-A35C-806E2719B944}.MinSizeRel|x64.Build.0 = MinSizeRel|x64
		{104733DD-4C8A-37F2-A35C-806E2719B944}.MinSizeRel|x86.ActiveCfg = MinSizeRel|x64
		{104733DD-4C8A-37F2-A35C-806E2719B944}.Release|x64.ActiveCfg = Release|x64
		{104733DD-4C8A-37F2-A35C-806E2719B944}.Release|x64.Build.0 = Release|x64
		{104733DD-4C8A-37F2-A35C-806E2719B944}.Release|x86.ActiveCfg = Release|x64
		{104733DD-4C8A-37F2-A35C-806E2719B944}.RelWithDebInfo|x64.ActiveCfg = RelWithDebInfo|x64
		{104733DD-4C8A-37F2-A35C-806E2719B944}.RelWithDebInfo|x64.Build.0 = RelWithDebInfo|x64
		{104733DD-4C8A-37F2-A35C-806E2719B944}.RelWithDebInfo|x86.ActiveCfg = RelWithDebInfo|x64
		{21E6D30E-2939-3083-80D0-ADB8BA6DE776}.Debug|x64.ActiveCfg = Debug|x64
		{21E6D30E-2939-3083-80D0-ADB8BA6DE776}.Debug|x86.ActiveCfg = Debug|x64
		{21E6D30E-2939-3083-80D0-ADB8BA6DE776}.MinSizeRel|x64.ActiveCfg = MinSizeRel|x64
		{21E6D30E-2939-3083-80D0-ADB8BA6DE776}.MinSizeRel|x86.ActiveCfg = MinSizeRel|x64
		{21E6D30E-2939-3083-80D0-ADB8BA6DE776}.Release|x64.ActiveCfg = Release|x64
		{21E6D30E-2939-3083-80D0-ADB8BA6DE776}.Release|x86.ActiveCfg = Release|x64
		{21E6D30E-2939-3083-80D0-ADB8BA6DE776}.RelWithDebInfo|x64.ActiveCfg = RelWithDebInfo|x64
		{21E6D30E-2939-3083-80D0-ADB8BA6DE776}.RelWithDebInfo|x86.ActiveCfg = RelWithDebInfo|x64
		{95994F4D-4612-34D1-98FA-65F258E52B75}.Debug|x64.ActiveCfg = Debug|x64
		{95994F4D-4612-34D1-98FA-65F258E52B75}.Debug|x64.Build.0 = Debug|x64
		{95994F4D-4612-34D1-98FA-65F258E52B75}.Debug|x86.ActiveCfg = Debug|x64
		{95994F4D-4612-34D1-98FA-65F258E52B75}.MinSizeRel|x64.ActiveCfg = MinSizeRel|x64
		{95994F4D-4612-34D1-98FA-65F258E52B75}.MinSizeRel|x64.Build.0 = MinSizeRel|x64
		{95994F4D-4612-34D1-98FA-65F258E52B75}.MinSizeRel|x86.ActiveCfg = MinSizeRel|x64
		{95994F4D-4612-34D1-98FA-65F258E52B75}.Release|x64.ActiveCfg = Release|x64
		{95994F4D-4612-34D1-98FA-65F258E52B75}.Release|x64.Build.0 = Release|x64
		{95994F4D-4612-34D1-98FA-65F258E52B75}.Release|x86.ActiveCfg = Release|x64
		{95994F4D-4612-34D1-98FA-65F258E52B75}.RelWithDebInfo|x64.ActiveCfg = RelWithDebInfo|x64
		{95994F4D-4612-34D1-98FA-65F258E52B75}.RelWithDebInfo|x64.Build.0 = RelWithDebInfo|x64
		{95994F4D-4612-34D1-98FA-65F258E52B75}.RelWithDebInfo|x86.ActiveCfg = RelWithDebInfo|x64
		{BFB6E0E7-8758-3A93-AED4-F427E534C64D}.Debug|x64.ActiveCfg = Debug|x64
		{BFB6E0E7-8758-3A93-AED4-F427E534C64D}.Debug|x64.Build.0 = Debug|x64
		{BFB6E0E7-8758-3A93-AED4-F427E534C64D}.Debug|x86.ActiveCfg = Debug|x64
		{BFB6E0E7-8758-3A93-AED4-F427E534C64D}.MinSizeRel|x64.ActiveCfg = MinSizeRel|x64
		{BFB6E0E7-8758-3A93-AED4-F427E534C64D}.MinSizeRel|x64.Build.0 = MinSizeRel|x64
		{BFB6E0E7-8758-3A93-AED4-F427E534C64D}.MinSizeRel|x86.ActiveCfg = MinSizeRel|x64
		{BFB6E0E7-8758-3A93-AED4-F427E534C64D}.Release|x64.ActiveCfg = Release|x64
		{BFB6E0E7-8758-3A93-AED4-F427E534C64D}.Release|x64.Build.0 = Release|x64
		{BFB6E0E7-8758-3A93-AED4-F427E534C64D}.Release|x86.ActiveCfg = Release|x64
		{BFB6E0E7-8758-3A93-AED4-F427E534C64D}.RelWithDebInfo|x64.ActiveCfg = RelWithDebInfo|x64
		{BFB6E0E7-8758-3A93-AED4-F427E534C64D}.RelWithDebInfo|x64.Build.0 = RelWithDebInfo|x64
		{BFB6E0E7-8758-3A93-AED4-F427E534C64D}.RelWithDebInfo|x86.ActiveCfg = RelWithDebInfo|x64
		{B9D383BC-E08D-3EB0-9220-C18C92102EDD}.Debug|x64.ActiveCfg = Debug|x64
		{B9D383BC-E08D-3EB0-9220-C18C92102EDD}.Debug|x64.Build.0 = Debug|x64
		{B9D383BC-E08D-3EB0-9220-C18C92102EDD}.Debug|x86.ActiveCfg = Debug|x64
		{B9D383BC-E08D-3EB0-9220-C18C92102EDD}.MinSizeRel|x64.ActiveCfg = MinSizeRel|x64
		{B9D383BC-E08D-3EB0-9220-C18C92102EDD}.MinSizeRel|x64.Build.0 = MinSizeRel|x64
		{B9D383BC-E08D-3EB0-9220-C18C92102EDD}.MinSizeRel|x86.ActiveCfg = MinSizeRel|x64
		{B9D383BC-E08D-3EB0-9220-C18C92102EDD}.Release|x64.ActiveCfg = Release|x64
		{B9D383BC-E08D-3EB0-9220-C18C92102EDD}.Release|x64.Build.0 = Release|x64
		{B9D383BC-E08D-3EB0-9220-C18C92102EDD}.Release|x86.ActiveCfg = Release|x64
		{B9D383BC-E08D-3EB0-9220-C18C92102EDD}.RelWithDebInfo|x64.ActiveCfg = RelWithDebInfo|x64
		{B9D383BC-E08D-3EB0-9220-C18C92102EDD}.RelWithDebInfo|x64.Build.0 = RelWithDebInfo|x64
		{B9D383BC-E08D-3EB0-9220-C18C92102EDD}.RelWithDebInfo|x86.ActiveCfg = RelWithDebInfo|x64
		{CE62CA9A-55FE-3399-AFA2-B08BF3D43743}.Debug|x64.ActiveCfg = Debug|x64
		{CE62CA9A-55FE-3399-AFA2-B08BF3D43743}.Debug|x64.Build.0 = Debug|x64
		{CE62CA9A-55FE-3399-AFA2-B08BF3D43743}.Debug|x86.ActiveCfg = Debug|x64
		{CE62CA9A-55FE-3399-AFA2-B08BF3D43743}.MinSizeRel|x64.ActiveCfg = MinSizeRel|x64
		{CE62CA9A-55FE-3399-AFA2-B08BF3D43743}.MinSizeRel|x64.Build.0 = MinSizeRel|x64
		{CE62CA9A-55FE-3399-AFA2-B08BF3D43743}.MinSizeRel|x86.ActiveCfg = MinSizeRel|x64
		{CE62CA9A-55FE-3399-AFA2-B08BF3D43743}.Release|x64.ActiveCfg = Release|x64
		{CE62CA9A-55FE-3399-AFA2-B08BF3D43743}.Release|x64.Build.0 = Release|x64
		{CE62CA9A-55FE-3399-AFA2-B08BF3D43743}.Release|x86.ActiveCfg = Release|x64
		{CE62CA9A-55FE-3399-AFA2-B08BF3D43743}.RelWithDebInfo|x64.ActiveCfg = RelWithDebInfo|x64
		{CE62CA9A-55FE-3399-AFA2-B08BF3D43743}.RelWithDebInfo|x64.Build.0 = RelWithDebInfo|x64
		{CE62CA9A-55FE-3399-AFA2-B08BF3D43743}.RelWithDebInfo|x86.ActiveCfg = RelWithDebInfo|x64
		{C8C5BA0C-947D-34A6-98A2-1A96F542381E}.Debug|x64.ActiveCfg = Debug|x64
		{C8C5BA0C-947D-34A6-98A2-1A96F542381E}.Debug|x64.Build.0 = Debug|x64
		{C8C5BA0C-947D-34A6-98A2-1A96F542381E}.Debug|x86.ActiveCfg = Debug|x64
		{C8C5BA0C-947D-34A6-98A2-1A96F542381E}.MinSizeRel|x64.ActiveCfg = MinSizeRel|x64
		{C8C5BA0C-947D-34A6-98A2-1A96F542381E}.MinSizeRel|x64.Build.0 = MinSizeRel|x64
		{C8C5BA0C-947D-34A6-98A2-1A96F542381E}.MinSizeRel|x86.ActiveCfg = MinSizeRel|x64
		{C8C5BA0C-947D-34A6-98A2-1A96F542381E}.Release|x64.ActiveCfg = Release|x64
		{C8C5BA0C-947D-34A6-98A2-1A96F542381E}.Release|x64.Build.0 = Release|x64
		{C8C5BA0C-947D-34A6-98A2-1A96F542381E}.Release|x86.ActiveCfg = Release|x64
		{C8C5BA0C-947D-34A6-98A2-1A96F542381E}.RelWithDebInfo|x64.ActiveCfg = RelWithDebInfo|x64
		{C8C5BA0C-947D-34A6-98A2-1A96F542381E}.RelWithDebInfo|x64.Build.0 = RelWithDebInfo|x64
		{C8C5BA0C-947D-34A6-98A2-1A96F542381E}.RelWithDebInfo|x86.ActiveCfg = RelWithDebInfo|x64
		{F027F668-F66C-3876-9860-03E6FA29AFEB}.Debug|x64.ActiveCfg = Debug|x64
		{F027F668-F66C-3876-9860-03E6FA29AFEB}.Debug|x64.Build.0 = Debug|x64
		{F027F668-F66C-3876-9860-03E6FA29AFEB}.Debug|x86.ActiveCfg = Debug|x64
		{F027F668-F66C-3876-9860-03E6FA29AFEB}.MinSizeRel|x64.ActiveCfg = MinSizeRel|x64
		{F027F668-F66C-3876-9860-03E6FA29AFEB}.MinSizeRel|x64.Build.0 = MinSizeRel|x64
		{F027F668-F66C-3876-9860-03E6FA29AFEB}.MinSizeRel|x86.ActiveCfg = MinSizeRel|x64
		{F027F668-F66C-3876-9860-03E6FA29AFEB}.Release|x64.ActiveCfg = Release|x64
		{F027F668-F66C-3876-9860-03E6FA29AFEB}.Release|x64.Build.0 = Release|x64
		{F027F668-F66C-3876-9860-03E6FA29AFEB}.Release|x86.ActiveCfg = Release|x64
		{F027F668-F66C-3876-9860-03E6FA29AFEB}.RelWithDebInfo|x64.ActiveCfg = RelWithDebInfo|x64
		{F027F668-F66C-3876-9860-03E6FA29AFEB}.RelWithDebInfo|x64.Build.0 = RelWithDebInfo|x64
		{F027F668-F66C-3876-9860-03E6FA29AFEB}.RelWithDebInfo|x86.ActiveCfg = RelWithDebInfo|x64
		{504E97CC-BD89-3491-8CE1-6CFBFB5AB549}.Debug|x64.ActiveCfg = Debug|x64
		{504E97CC-BD89-3491-8CE1-6CFBFB5AB549}.Debug|x64.Build.0 = Debug|x64
		{504E97CC-BD89-3491-8CE1-6CFBFB5AB549}.Debug|x86.ActiveCfg = Debug|x64
		{504E97CC-BD89-3491-8CE1-6CFBFB5AB549}.MinSizeRel|x64.ActiveCfg = MinSizeRel|x64
		{504E97CC-BD89-3491-8CE1-6CFBFB5AB549}.MinSizeRel|x64.Build.0 = MinSizeRel|x64
		{504E97CC-BD89-3491-8CE1-6CFBFB5AB549}.MinSizeRel|x86.ActiveCfg = MinSizeRel|x64
		{504E97CC-BD89-3491-8CE1-6CFBFB5AB549}.Release|x64.ActiveCfg = Release|x64
		{504E97CC-BD89-3491-8CE1-6CFBFB5AB549}.Release|x64.Build.0 = Release|x64
		{504E97CC-BD89-3491-8CE1-6CFBFB5AB549}.Release|x86.ActiveCfg = Release|x64
		{504E97CC-BD89-3491-8CE1-6CFBFB5AB549}.RelWithDebInfo|x64.ActiveCfg = RelWithDebInfo|x64
		{504E97CC-BD89-3491-8CE1-6CFBFB5AB549}.RelWithDebInfo|x64.Build.0 = RelWithDebInfo|x64
		{504E97CC-BD89-3491-8CE1-6CFBFB5AB549}.RelWithDebInfo|x86.ActiveCfg = RelWithDebInfo|x64
		{E23313BC-8AA7-3974-899D-2D1A80B0C187}.Debug|x64.ActiveCfg = Debug|x64
		{E23313BC-8AA7-3974-899D-2D1A80B0C187}.Debug|x64.Build.0 = Debug|x64
		{E23313BC-8AA7-3974-899D-2D1A80B0C187}.Debug|x86.ActiveCfg = Debug|x64
		{E23313BC-8AA7-3974-899D-2D1A80B0C187}.MinSizeRel|x64.ActiveCfg = MinSizeRel|x64
		{E23313BC-8AA7-3974-899D-2D1A80B0C187}.MinSizeRel|x64.Build.0 = MinSizeRel|x64
		{E23313BC-8AA7-3974-899D-2D1A80B0C187}.MinSizeRel|x86.ActiveCfg = MinSizeRel|x64
		{E23313BC-8AA7-3974-899D-2D1A80B0C187}.Release|x64.ActiveCfg = Release|x64
		{E23313BC-8AA7-3974-899D-2D1A80B0C187}.Release|x64.Build.0 = Release|x64
		{E23313BC-8AA7-3974-899D-2D1A80B0C187}.Release|x86.ActiveCfg = Release|x64
		{E23313BC-8AA7-3974-899D-2D1A80B0C187}.RelWithDebInfo|x64.ActiveCfg = RelWithDebInfo|x64
		{E23313BC-8AA7-3974-899D-2D1A80B0C187}.RelWithDebInfo|x64.Build.0 = RelWithDebInfo|x64
		{E23313BC-8AA7-3974-899D-2D1A80B0C187}.RelWithDebInfo|x86.ActiveCfg = RelWithDebInfo|x64
		{EA4134F4-82B4-3EBC-AF85-1DFAFFA72FF0}.Debug|x64.ActiveCfg = Debug|x64
		{EA4134F4-82B4-3EBC-AF85-1DFAFFA72FF0}.Debug|x64.Build.0 = Debug|x64
		{EA4134F4-82B4-3EBC-AF85-1DFAFFA72FF0}.Debug|x86.ActiveCfg = Debug|x64
		{EA4134F4-82B4-3EBC-AF85-1DFAFFA72FF0}.MinSizeRel|x64.ActiveCfg = MinSizeRel|x64
		{EA4134F4-82B4-3EBC-AF85-1DFAFFA72FF0}.MinSizeRel|x64.Build.0 = MinSizeRel|x64
		{EA4134F4-82B4-3EBC-AF85-1DFAFFA72FF0}.MinSizeRel|x86.ActiveCfg = MinSizeRel|x64
		{EA4134F4-82B4-3EBC-AF85-1DFAFFA72FF0}.Release|x64.ActiveCfg = Release|x64
		{EA4134F4-82B4-3EBC-AF85-1DFAFFA72FF0}.Release|x64.Build.0 = Release|x64
		{EA4134F4-82B4-3EBC-AF85-1DFAFFA72FF0}.Release|x86.ActiveCfg = Release|x64
		{EA4134F4-82B4-3EBC-AF85-1DFAFFA72FF0}.RelWithDebInfo|x64.ActiveCfg = RelWithDebInfo|x64
		{EA4134F4-82B4-3EBC-AF85-1DFAFFA72FF0}.RelWithDebInfo|x64.Build.0 = RelWithDebInfo|x64
		{EA4134F4-82B4-3EBC-AF85-1DFAFFA72FF0}.RelWithDebInfo|x86.ActiveCfg = RelWithDebInfo|x64
		{535B68C8-F4BA-357C-8B7F-24F73A9A6853}.Debug|x64.ActiveCfg = Debug|x64
		{535B68C8-F4BA-357C-8B7F-24F73A9A6853}.Debug|x64.Build.0 = Debug|x64
		{535B68C8-F4BA-357C-8B7F-24F73A9A6853}.Debug|x86.ActiveCfg = Debug|x64
		{535B68C8-F4BA-357C-8B7F-24F73A9A6853}.MinSizeRel|x64.ActiveCfg = MinSizeRel|x64
		{535B68C8-F4BA-357C-8B7F-24F73A9A6853}.MinSizeRel|x64.Build.0 = MinSizeRel|x64
		{535B68C8-F4BA-357C-8B7F-24F73A9A6853}.MinSizeRel|x86.ActiveCfg = MinSizeRel|x64
		{535B68C8-F4BA-357C-8B7F-24F73A9A6853}.Release|x64.ActiveCfg = Release|x64
		{535B68C8-F4BA-357C-8B7F-24F73A9A6853}.Release|x64.Build.0 = Release|x64
		{535B68C8-F4BA-357C-8B7F-24F73A9A6853}.Release|x86.ActiveCfg = Release|x64
		{535B68C8-F4BA-357C-8B7F-24F73A9A6853}.RelWithDebInfo|x64.ActiveCfg = RelWithDebInfo|x64
		{535B68C8-F4BA-357C-8B7F-24F73A9A6853}.RelWithDebInfo|x64.Build.0 = RelWithDebInfo|x64
		{535B68C8-F4BA-357C-8B7F-24F73A9A6853}.RelWithDebInfo|x86.ActiveCfg = RelWithDebInfo|x64
		{A2001C46-2903-395B-AB2E-60BA42509EED}.Debug|x64.ActiveCfg = Debug|x64
		{A2001C46-2903-395B-AB2E-60BA42509EED}.Debug|x64.Build.0 = Debug|x64
		{A2001C46-2903-395B-AB2E-60BA42509EED}.Debug|x86.ActiveCfg = Debug|x64
		{A2001C46-2903-395B-AB2E-60BA42509EED}.MinSizeRel|x64.ActiveCfg = MinSizeRel|x64
		{A2001C46-2903-395B-AB2E-60BA42509EED}.MinSizeRel|x64.Build.0 = MinSizeRel|x64
		{A2001C46-2903-395B-AB2E-60BA42509EED}.MinSizeRel|x86.ActiveCfg = MinSizeRel|x64
		{A2001C46-2903-395B-AB2E-60BA42509EED}.Release|x64.ActiveCfg = Release|x64
		{A2001C46-2903-395B-AB2E-60BA42509EED}.Release|x64.Build.0 = Release|x64
		{A2001C46-2903-395B-AB2E-60BA42509EED}.Release|x86.ActiveCfg = Release|x64
		{A2001C46-2903-395B-AB2E-60BA42509EED}.RelWithDebInfo|x64.ActiveCfg = RelWithDebInfo|x64
		{A2001C46-2903-395B-AB2E-60BA42509EED}.RelWithDebInfo|x64.Build.0 = RelWithDebInfo|x64
		{A2001C46-2903-395B-AB2E-60BA42509EED}.RelWithDebInfo|x86.ActiveCfg = RelWithDebInfo|x64
		{B6D42D27-96B4-3AC4-994B-8C193DE0B69D}.Debug|x64.ActiveCfg = Debug|x64
		{B6D42D27-96B4-3AC4-994B-8C193DE0B69D}.Debug|x64.Build.0 = Debug|x64
		{B6D42D27-96B4-3AC4-994B-8C193DE0B69D}.Debug|x86.ActiveCfg = Debug|x64
		{B6D42D27-96B4-3AC4-994B-8C193DE0B69D}.MinSizeRel|x64.ActiveCfg = MinSizeRel|x64
		{B6D42D27-96B4-3AC4-994B-8C193DE0B69D}.MinSizeRel|x64.Build.0 = MinSizeRel|x64
		{B6D42D27-96B4-3AC4-994B-8C193DE0B69D}.MinSizeRel|x86.ActiveCfg = MinSizeRel|x64
		{B6D42D27-96B4-3AC4-994B-8C193DE0B69D}.Release|x64.ActiveCfg = Release|x64
		{B6D42D27-96B4-3AC4-994B-8C193DE0B69D}.Release|x64.Build.0 = Release|x64
		{B6D42D27-96B4-3AC4-994B-8C193DE0B69D}.Release|x86.ActiveCfg = Release|x64
		{B6D42D27-96B4-3AC4-994B-8C193DE0B69D}.RelWithDebInfo|x64.ActiveCfg = RelWithDebInfo|x64
		{B6D42D27-96B4-3AC4-994B-8C193DE0B69D}.RelWithDebInfo|x64.Build.0 = RelWithDebInfo|x64
		{B6D42D27-96B4-3AC4-994B-8C193DE0B69D}.RelWithDebInfo|x86.ActiveCfg = RelWithDebInfo|x64
		{D9CCC0A2-B55D-34BC-A005-F2260F393408}.Debug|x64.ActiveCfg = Debug|x64
		{D9CCC0A2-B55D-34BC-A005-F2260F393408}.Debug|x64.Build.0 = Debug|x64
		{D9CCC0A2-B55D-34BC-A005-F2260F393408}.Debug|x86.ActiveCfg = Debug|x64
		{D9CCC0A2-B55D-34BC-A005-F2260F393408}.MinSizeRel|x64.ActiveCfg = MinSizeRel|x64
		{D9CCC0A2-B55D-34BC-A005-F2260F393408}.MinSizeRel|x64.Build.0 = MinSizeRel|x64
		{D9CCC0A2-B55D-34BC-A005-F2260F393408}.MinSizeRel|x86.ActiveCfg = MinSizeRel|x64
		{D9CCC0A2-B55D-34BC-A005-F2260F393408}.Release|x64.ActiveCfg = Release|x64
		{D9CCC0A2-B55D-34BC-A005-F2260F393408}.Release|x64.Build.0 = Release|x64
		{D9CCC0A2-B55D-34BC-A005-F2260F393408}.Release|x86.ActiveCfg = Release|x64
		{D9CCC0A2-B55D-34BC-A005-F2260F393408}.RelWithDebInfo|x64.ActiveCfg = RelWithDebInfo|x64
		{D9CCC0A2-B55D-34BC-A005-F2260F393408}.RelWithDebInfo|x64.Build.0 = RelWithDebInfo|x64
		{D9CCC0A2-B55D-34BC-A005-F2260F393408}.RelWithDebInfo|x86.ActiveCfg = RelWithDebInfo|x64
		{6CA338B5-ADA4-32DE-94E8-919ECF7E2509}.Debug|x64.ActiveCfg = Debug|x64
		{6CA338B5-ADA4-32DE-94E8-919ECF7E2509}.Debug|x64.Build.0 = Debug|x64
		{6CA338B5-ADA4-32DE-94E8-919ECF7E2509}.Debug|x86.ActiveCfg = Debug|x64
		{6CA338B5-ADA4-32DE-94E8-919ECF7E2509}.MinSizeRel|x64.ActiveCfg = MinSizeRel|x64
		{6CA338B5-ADA4-32DE-94E8-919ECF7E2509}.MinSizeRel|x64.Build.0 = MinSizeRel|x64
		{6CA338B5-ADA4-32DE-94E8-919ECF7E2509}.MinSizeRel|x86.ActiveCfg = MinSizeRel|x64
		{6CA338B5-ADA4-32DE-94E8-919ECF7E2509}.Release|x64.ActiveCfg = Release|x64
		{6CA338B5-ADA4-32DE-94E8-919ECF7E2509}.Release|x64.Build.0 = Release|x64
		{6CA338B5-ADA4-32DE-94E8-919ECF7E2509}.Release|x86.ActiveCfg = Release|x64
		{6CA338B5-ADA4-32DE-94E8-919ECF7E2509}.RelWithDebInfo|x64.ActiveCfg = RelWithDebInfo|x64
		{6CA338B5-ADA4-32DE-94E8-919ECF7E2509}.RelWithDebInfo|x64.Build.0 = RelWithDebInfo|x64
		{6CA338B5-ADA4-32DE-94E8-919ECF7E2509}.RelWithDebInfo|x86.ActiveCfg = RelWithDebInfo|x64
		{CA3839E9-68B4-3FFA-BA40-527038D068B0}.Debug|x64.ActiveCfg = Debug|x64
		{CA3839E9-68B4-3FFA-BA40-527038D068B0}.Debug|x64.Build.0 = Debug|x64
		{CA3839E9-68B4-3FFA-BA40-527038D068B0}.Debug|x86.ActiveCfg = Debug|x64
		{CA3839E9-68B4-3FFA-BA40-527038D068B0}.MinSizeRel|x64.ActiveCfg = MinSizeRel|x64
		{CA3839E9-68B4-3FFA-BA40-527038D068B0}.MinSizeRel|x64.Build.0 = MinSizeRel|x64
		{CA3839E9-68B4-3FFA-BA40-527038D068B0}.MinSizeRel|x86.ActiveCfg = MinSizeRel|x64
		{CA3839E9-68B4-3FFA-BA40-527038D068B0}.Release|x64.ActiveCfg = Release|x64
		{CA3839E9-68B4-3FFA-BA40-527038D068B0}.Release|x64.Build.0 = Release|x64
		{CA3839E9-68B4-3FFA-BA40-527038D068B0}.Release|x86.ActiveCfg = Release|x64
		{CA3839E9-68B4-3FFA-BA40-527038D068B0}.RelWithDebInfo|x64.ActiveCfg = RelWithDebInfo|x64
		{CA3839E9-68B4-3FFA-BA40-527038D068B0}.RelWithDebInfo|x64.Build.0 = RelWithDebInfo|x64
		{CA3839E9-68B4-3FFA-BA40-527038D068B0}.RelWithDebInfo|x86.ActiveCfg = RelWithDebInfo|x64
		{0B4A1626-7CD7-34A8-861B-698CECAC0F3A}.Debug|x64.ActiveCfg = Debug|x64
		{0B4A1626-7CD7-34A8-861B-698CECAC0F3A}.Debug|x64.Build.0 = Debug|x64
		{0B4A1626-7CD7-34A8-861B-698CECAC0F3A}.Debug|x86.ActiveCfg = Debug|x64
		{0B4A1626-7CD7-34A8-861B-698CECAC0F3A}.MinSizeRel|x64.ActiveCfg = MinSizeRel|x64
		{0B4A1626-7CD7-34A8-861B-698CECAC0F3A}.MinSizeRel|x64.Build.0 = MinSizeRel|x64
		{0B4A1626-7CD7-34A8-861B-698CECAC0F3A}.MinSizeRel|x86.ActiveCfg = MinSizeRel|x64
		{0B4A1626-7CD7-34A8-861B-698CECAC0F3A}.Release|x64.ActiveCfg = Release|x64
		{0B4A1626-7CD7-34A8-861B-698CECAC0F3A}.Release|x64.Build.0 = Release|x64
		{0B4A1626-7CD7-34A8-861B-698CECAC0F3A}.Release|x86.ActiveCfg = Release|x64
		{0B4A1626-7CD7-34A8-861B-698CECAC0F3A}.RelWithDebInfo|x64.ActiveCfg = RelWithDebInfo|x64
		{0B4A1626-7CD7-34A8-861B-698CECAC0F3A}.RelWithDebInfo|x64.Build.0 = RelWithDebInfo|x64
		{0B4A1626-7CD7-34A8-861B-698CECAC0F3A}.RelWithDebInfo|x86.ActiveCfg = RelWithDebInfo|x64
		{F067DE1A-95CB-3BCA-946F-4A1EAB9B99A6}.Debug|x64.ActiveCfg = Debug|x64
		{F067DE1A-95CB-3BCA-946F-4A1EAB9B99A6}.Debug|x64.Build.0 = Debug|x64
		{F067DE1A-95CB-3BCA-946F-4A1EAB9B99A6}.Debug|x86.ActiveCfg = Debug|x64
		{F067DE1A-95CB-3BCA-946F-4A1EAB9B99A6}.MinSizeRel|x64.ActiveCfg = MinSizeRel|x64
		{F067DE1A-95CB-3BCA-946F-4A1EAB9B99A6}.MinSizeRel|x64.Build.0 = MinSizeRel|x64
		{F067DE1A-95CB-3BCA-946F-4A1EAB9B99A6}.MinSizeRel|x86.ActiveCfg = MinSizeRel|x64
		{F067DE1A-95CB-3BCA-946F-4A1EAB9B99A6}.Release|x64.ActiveCfg = Release|x64
		{F067DE1A-95CB-3BCA-946F-4A1EAB9B99A6}.Release|x64.Build.0 = Release|x64
		{F067DE1A-95CB-3BCA-946F-4A1EAB9B99A6}.Release|x86.ActiveCfg = Release|x64
		{F067DE1A-95CB-3BCA-946F-4A1EAB9B99A6}.RelWithDebInfo|x64.ActiveCfg = RelWithDebInfo|x64
		{F067DE1A-95CB-3BCA-946F-4A1EAB9B99A6}.RelWithDebInfo|x64.Build.0 = RelWithDebInfo|x64
		{F067DE1A-95CB-3BCA-946F-4A1EAB9B99A6}.RelWithDebInfo|x86.ActiveCfg = RelWithDebInfo|x64
		{C057B75C-2291-3D8C-A40B-53616FC8F187}.Debug|x64.ActiveCfg = Debug|x64
		{C057B75C-2291-3D8C-A40B-53616FC8F187}.Debug|x64.Build.0 = Debug|x64
		{C057B75C-2291-3D8C-A40B-53616FC8F187}.Debug|x86.ActiveCfg = Debug|x64
		{C057B75C-2291-3D8C-A40B-53616FC8F187}.MinSizeRel|x64.ActiveCfg = MinSizeRel|x64
		{C057B75C-2291-3D8C-A40B-53616FC8F187}.MinSizeRel|x64.Build.0 = MinSizeRel|x64
		{C057B75C-2291-3D8C-A40B-53616FC8F187}.MinSizeRel|x86.ActiveCfg = MinSizeRel|x64
		{C057B75C-2291-3D8C-A40B-53616FC8F187}.Release|x64.ActiveCfg = Release|x64
		{C057B75C-2291-3D8C-A40B-53616FC8F187}.Release|x64.Build.0 = Release|x64
		{C057B75C-2291-3D8C-A40B-53616FC8F187}.Release|x86.ActiveCfg = Release|x64
		{C057B75C-2291-3D8C-A40B-53616FC8F187}.RelWithDebInfo|x64.ActiveCfg = RelWithDebInfo|x64
		{C057B75C-2291-3D8C-A40B-53616FC8F187}.RelWithDebInfo|x64.Build.0 = RelWithDebInfo|x64
		{C057B75C-2291-3D8C-A40B-53616FC8F187}.RelWithDebInfo|x86.ActiveCfg = RelWithDebInfo|x64
		{0FEB59CB-9222-3088-9888-6171A8ECA41B}.Debug|x64.ActiveCfg = Debug|x64
		{0FEB59CB-9222-3088-9888-6171A8ECA41B}.Debug|x64.Build.0 = Debug|x64
		{0FEB59CB-9222-3088-9888-6171A8ECA41B}.Debug|x86.ActiveCfg = Debug|x64
		{0FEB59CB-9222-3088-9888-6171A8ECA41B}.MinSizeRel|x64.ActiveCfg = MinSizeRel|x64
		{0FEB59CB-9222-3088-9888-6171A8ECA41B}.MinSizeRel|x64.Build.0 = MinSizeRel|x64
		{0FEB59CB-9222-3088-9888-6171A8ECA41B}.MinSizeRel|x86.ActiveCfg = MinSizeRel|x64
		{0FEB59CB-9222-3088-9888-6171A8ECA41B}.Release|x64.ActiveCfg = Release|x64
		{0FEB59CB-9222-3088-9888-6171A8ECA41B}.Release|x64.Build.0 = Release|x64
		{0FEB59CB-9222-3088-9888-6171A8ECA41B}.Release|x86.ActiveCfg = Release|x64
		{0FEB59CB-9222-3088-9888-6171A8ECA41B}.RelWithDebInfo|x64.ActiveCfg = RelWithDebInfo|x64
		{0FEB59CB-9222-3088-9888-6171A8ECA41B}.RelWithDebInfo|x64.Build.0 = RelWithDebInfo|x64
		{0FEB59CB-9222-3088-9888-6171A8ECA41B}.RelWithDebInfo|x86.ActiveCfg = RelWithDebInfo|x64
		{54D0C71C-899C-3D09-ABDA-9496C411200A}.Debug|x64.ActiveCfg = Debug|x64
		{54D0C71C-899C-3D09-ABDA-9496C411200A}.Debug|x64.Build.0 = Debug|x64
		{54D0C71C-899C-3D09-ABDA-9496C411200A}.Debug|x86.ActiveCfg = Debug|x64
		{54D0C71C-899C-3D09-ABDA-9496C411200A}.MinSizeRel|x64.ActiveCfg = MinSizeRel|x64
		{54D0C71C-899C-3D09-ABDA-9496C411200A}.MinSizeRel|x64.Build.0 = MinSizeRel|x64
		{54D0C71C-899C-3D09-ABDA-9496C411200A}.MinSizeRel|x86.ActiveCfg = MinSizeRel|x64
		{54D0C71C-899C-3D09-ABDA-9496C411200A}.Release|x64.ActiveCfg = Release|x64
		{54D0C71C-899C-3D09-ABDA-9496C411200A}.Release|x64.Build.0 = Release|x64
		{54D0C71C-899C-3D09-ABDA-9496C411200A}.Release|x86.ActiveCfg = Release|x64
		{54D0C71C-899C-3D09-ABDA-9496C411200A}.RelWithDebInfo|x64.ActiveCfg = RelWithDebInfo|x64
		{54D0C71C-899C-3D09-ABDA-9496C411200A}.RelWithDebInfo|x64.Build.0 = RelWithDebInfo|x64
		{54D0C71C-899C-3D09-ABDA-9496C411200A}.RelWithDebInfo|x86.ActiveCfg = RelWithDebInfo|x64
		{8CEE9B3F-FF2F-3B0F-82E0-11E51EBD7BE4}.Debug|x64.ActiveCfg = Debug|x64
		{8CEE9B3F-FF2F-3B0F-82E0-11E51EBD7BE4}.Debug|x64.Build.0 = Debug|x64
		{8CEE9B3F-FF2F-3B0F-82E0-11E51EBD7BE4}.Debug|x86.ActiveCfg = Debug|x64
		{8CEE9B3F-FF2F-3B0F-82E0-11E51EBD7BE4}.MinSizeRel|x64.ActiveCfg = MinSizeRel|x64
		{8CEE9B3F-FF2F-3B0F-82E0-11E51EBD7BE4}.MinSizeRel|x64.Build.0 = MinSizeRel|x64
		{8CEE9B3F-FF2F-3B0F-82E0-11E51EBD7BE4}.MinSizeRel|x86.ActiveCfg = MinSizeRel|x64
		{8CEE9B3F-FF2F-3B0F-82E0-11E51EBD7BE4}.Release|x64.ActiveCfg = Release|x64
		{8CEE9B3F-FF2F-3B0F-82E0-11E51EBD7BE4}.Release|x64.Build.0 = Release|x64
		{8CEE9B3F-FF2F-3B0F-82E0-11E51EBD7BE4}.Release|x86.ActiveCfg = Release|x64
		{8CEE9B3F-FF2F-3B0F-82E0-11E51EBD7BE4}.RelWithDebInfo|x64.ActiveCfg = RelWithDebInfo|x64
		{8CEE9B3F-FF2F-3B0F-82E0-11E51EBD7BE4}.RelWithDebInfo|x64.Build.0 = RelWithDebInfo|x64
		{8CEE9B3F-FF2F-3B0F-82E0-11E51EBD7BE4}.RelWithDebInfo|x86.ActiveCfg = RelWithDebInfo|x64
		{104826E8-2D85-3D34-B9AE-F3BF7A57ECCB}.Debug|x64.ActiveCfg = Debug|x64
		{104826E8-2D85-3D34-B9AE-F3BF7A57ECCB}.Debug|x64.Build.0 = Debug|x64
		{104826E8-2D85-3D34-B9AE-F3BF7A57ECCB}.Debug|x86.ActiveCfg = Debug|x64
		{104826E8-2D85-3D34-B9AE-F3BF7A57ECCB}.MinSizeRel|x64.ActiveCfg = MinSizeRel|x64
		{104826E8-2D85-3D34-B9AE-F3BF7A57ECCB}.MinSizeRel|x64.Build.0 = MinSizeRel|x64
		{104826E8-2D85-3D34-B9AE-F3BF7A57ECCB}.MinSizeRel|x86.ActiveCfg = MinSizeRel|x64
		{104826E8-2D85-3D34-B9AE-F3BF7A57ECCB}.Release|x64.ActiveCfg = Release|x64
		{104826E8-2D85-3D34-B9AE-F3BF7A57ECCB}.Release|x64.Build.0 = Release|x64
		{104826E8-2D85-3D34-B9AE-F3BF7A57ECCB}.Release|x86.ActiveCfg = Release|x64
		{104826E8-2D85-3D34-B9AE-F3BF7A57ECCB}.RelWithDebInfo|x64.ActiveCfg = RelWithDebInfo|x64
		{104826E8-2D85-3D34-B9AE-F3BF7A57ECCB}.RelWithDebInfo|x64.Build.0 = RelWithDebInfo|x64
		{104826E8-2D85-3D34-B9AE-F3BF7A57ECCB}.RelWithDebInfo|x86.ActiveCfg = RelWithDebInfo|x64
		{0E56DA10-7382-3079-AE99-374EAFB1F9FE}.Debug|x64.ActiveCfg = Debug|x64
		{0E56DA10-7382-3079-AE99-374EAFB1F9FE}.Debug|x64.Build.0 = Debug|x64
		{0E56DA10-7382-3079-AE99-374EAFB1F9FE}.Debug|x86.ActiveCfg = Debug|x64
		{0E56DA10-7382-3079-AE99-374EAFB1F9FE}.MinSizeRel|x64.ActiveCfg = MinSizeRel|x64
		{0E56DA10-7382-3079-AE99-374EAFB1F9FE}.MinSizeRel|x64.Build.0 = MinSizeRel|x64
		{0E56DA10-7382-3079-AE99-374EAFB1F9FE}.MinSizeRel|x86.ActiveCfg = MinSizeRel|x64
		{0E56DA10-7382-3079-AE99-374EAFB1F9FE}.Release|x64.ActiveCfg = Release|x64
		{0E56DA10-7382-3079-AE99-374EAFB1F9FE}.Release|x64.Build.0 = Release|x64
		{0E56DA10-7382-3079-AE99-374EAFB1F9FE}.Release|x86.ActiveCfg = Release|x64
		{0E56DA10-7382-3079-AE99-374EAFB1F9FE}.RelWithDebInfo|x64.ActiveCfg = RelWithDebInfo|x64
		{0E56DA10-7382-3079-AE99-374EAFB1F9FE}.RelWithDebInfo|x64.Build.0 = RelWithDebInfo|x64
		{0E56DA10-7382-3079-AE99-374EAFB1F9FE}.RelWithDebInfo|x86.ActiveCfg = RelWithDebInfo|x64
		{6E6BC85D-D9F6-39C2-9B86-9CD076345748}.Debug|x64.ActiveCfg = Debug|x64
		{6E6BC85D-D9F6-39C2-9B86-9CD076345748}.Debug|x64.Build.0 = Debug|x64
		{6E6BC85D-D9F6-39C2-9B86-9CD076345748}.Debug|x86.ActiveCfg = Debug|x64
		{6E6BC85D-D9F6-39C2-9B86-9CD076345748}.MinSizeRel|x64.ActiveCfg = MinSizeRel|x64
		{6E6BC85D-D9F6-39C2-9B86-9CD076345748}.MinSizeRel|x64.Build.0 = MinSizeRel|x64
		{6E6BC85D-D9F6-39C2-9B86-9CD076345748}.MinSizeRel|x86.ActiveCfg = MinSizeRel|x64
		{6E6BC85D-D9F6-39C2-9B86-9CD076345748}.Release|x64.ActiveCfg = Release|x64
		{6E6BC85D-D9F6-39C2-9B86-9CD076345748}.Release|x64.Build.0 = Release|x64
		{6E6BC85D-D9F6-39C2-9B86-9CD076345748}.Release|x86.ActiveCfg = Release|x64
		{6E6BC85D-D9F6-39C2-9B86-9CD076345748}.RelWithDebInfo|x64.ActiveCfg = RelWithDebInfo|x64
		{6E6BC85D-D9F6-39C2-9B86-9CD076345748}.RelWithDebInfo|x64.Build.0 = RelWithDebInfo|x64
		{6E6BC85D-D9F6-39C2-9B86-9CD076345748}.RelWithDebInfo|x86.ActiveCfg = RelWithDebInfo|x64
		{5CA2FB42-B4A4-38FB-8648-4AE69EC0F971}.Debug|x64.ActiveCfg = Debug|x64
		{5CA2FB42-B4A4-38FB-8648-4AE69EC0F971}.Debug|x64.Build.0 = Debug|x64
		{5CA2FB42-B4A4-38FB-8648-4AE69EC0F971}.Debug|x86.ActiveCfg = Debug|x64
		{5CA2FB42-B4A4-38FB-8648-4AE69EC0F971}.MinSizeRel|x64.ActiveCfg = MinSizeRel|x64
		{5CA2FB42-B4A4-38FB-8648-4AE69EC0F971}.MinSizeRel|x64.Build.0 = MinSizeRel|x64
		{5CA2FB42-B4A4-38FB-8648-4AE69EC0F971}.MinSizeRel|x86.ActiveCfg = MinSizeRel|x64
		{5CA2FB42-B4A4-38FB-8648-4AE69EC0F971}.Release|x64.ActiveCfg = Release|x64
		{5CA2FB42-B4A4-38FB-8648-4AE69EC0F971}.Release|x64.Build.0 = Release|x64
		{5CA2FB42-B4A4-38FB-8648-4AE69EC0F971}.Release|x86.ActiveCfg = Release|x64
		{5CA2FB42-B4A4-38FB-8648-4AE69EC0F971}.RelWithDebInfo|x64.ActiveCfg = RelWithDebInfo|x64
		{5CA2FB42-B4A4-38FB-8648-4AE69EC0F971}.RelWithDebInfo|x64.Build.0 = RelWithDebInfo|x64
		{5CA2FB42-B4A4-38FB-8648-4AE69EC0F971}.RelWithDebInfo|x86.ActiveCfg = RelWithDebInfo|x64
		{E46771EE-53F2-30C9-8156-77A281887397}.Debug|x64.ActiveCfg = Debug|x64
		{E46771EE-53F2-30C9-8156-77A281887397}.Debug|x64.Build.0 = Debug|x64
		{E46771EE-53F2-30C9-8156-77A281887397}.Debug|x86.ActiveCfg = Debug|x64
		{E46771EE-53F2-30C9-8156-77A281887397}.MinSizeRel|x64.ActiveCfg = MinSizeRel|x64
		{E46771EE-53F2-30C9-8156-77A281887397}.MinSizeRel|x64.Build.0 = MinSizeRel|x64
		{E46771EE-53F2-30C9-8156-77A281887397}.MinSizeRel|x86.ActiveCfg = MinSizeRel|x64
		{E46771EE-53F2-30C9-8156-77A281887397}.Release|x64.ActiveCfg = Release|x64
		{E46771EE-53F2-30C9-8156-77A281887397}.Release|x64.Build.0 = Release|x64
		{E46771EE-53F2-30C9-8156-77A281887397}.Release|x86.ActiveCfg = Release|x64
		{E46771EE-53F2-30C9-8156-77A281887397}.RelWithDebInfo|x64.ActiveCfg = RelWithDebInfo|x64
		{E46771EE-53F2-30C9-8156-77A281887397}.RelWithDebInfo|x64.Build.0 = RelWithDebInfo|x64
		{E46771EE-53F2-30C9-8156-77A281887397}.RelWithDebInfo|x86.ActiveCfg = RelWithDebInfo|x64
		{7E4323F2-8052-35F7-B5D6-3E6CFF62B916}.Debug|x64.ActiveCfg = Debug|x64
		{7E4323F2-8052-35F7-B5D6-3E6CFF62B916}.Debug|x64.Build.0 = Debug|x64
		{7E4323F2-8052-35F7-B5D6-3E6CFF62B916}.Debug|x86.ActiveCfg = Debug|x64
		{7E4323F2-8052-35F7-B5D6-3E6CFF62B916}.MinSizeRel|x64.ActiveCfg = MinSizeRel|x64
		{7E4323F2-8052-35F7-B5D6-3E6CFF62B916}.MinSizeRel|x64.Build.0 = MinSizeRel|x64
		{7E4323F2-8052-35F7-B5D6-3E6CFF62B916}.MinSizeRel|x86.ActiveCfg = MinSizeRel|x64
		{7E4323F2-8052-35F7-B5D6-3E6CFF62B916}.Release|x64.ActiveCfg = Release|x64
		{7E4323F2-8052-35F7-B5D6-3E6CFF62B916}.Release|x64.Build.0 = Release|x64
		{7E4323F2-8052-35F7-B5D6-3E6CFF62B916}.Release|x86.ActiveCfg = Release|x64
		{7E4323F2-8052-35F7-B5D6-3E6CFF62B916}.RelWithDebInfo|x64.ActiveCfg = RelWithDebInfo|x64
		{7E4323F2-8052-35F7-B5D6-3E6CFF62B916}.RelWithDebInfo|x64.Build.0 = RelWithDebInfo|x64
		{7E4323F2-8052-35F7-B5D6-3E6CFF62B916}.RelWithDebInfo|x86.ActiveCfg = RelWithDebInfo|x64
		{09C912EB-D6EF-3F11-BC11-D954A981E147}.Debug|x64.ActiveCfg = Debug|x64
		{09C912EB-D6EF-3F11-BC11-D954A981E147}.Debug|x64.Build.0 = Debug|x64
		{09C912EB-D6EF-3F11-BC11-D954A981E147}.Debug|x86.ActiveCfg = Debug|x64
		{09C912EB-D6EF-3F11-BC11-D954A981E147}.MinSizeRel|x64.ActiveCfg = MinSizeRel|x64
		{09C912EB-D6EF-3F11-BC11-D954A981E147}.MinSizeRel|x64.Build.0 = MinSizeRel|x64
		{09C912EB-D6EF-3F11-BC11-D954A981E147}.MinSizeRel|x86.ActiveCfg = MinSizeRel|x64
		{09C912EB-D6EF-3F11-BC11-D954A981E147}.Release|x64.ActiveCfg = Release|x64
		{09C912EB-D6EF-3F11-BC11-D954A981E147}.Release|x64.Build.0 = Release|x64
		{09C912EB-D6EF-3F11-BC11-D954A981E147}.Release|x86.ActiveCfg = Release|x64
		{09C912EB-D6EF-3F11-BC11-D954A981E147}.RelWithDebInfo|x64.ActiveCfg = RelWithDebInfo|x64
		{09C912EB-D6EF-3F11-BC11-D954A981E147}.RelWithDebInfo|x64.Build.0 = RelWithDebInfo|x64
		{09C912EB-D6EF-3F11-BC11-D954A981E147}.RelWithDebInfo|x86.ActiveCfg = RelWithDebInfo|x64
		{15219FC0-AFBB-3AA0-9614-239A6C7E5D2D}.Debug|x64.ActiveCfg = Debug|x64
		{15219FC0-AFBB-3AA0-9614-239A6C7E5D2D}.Debug|x64.Build.0 = Debug|x64
		{15219FC0-AFBB-3AA0-9614-239A6C7E5D2D}.Debug|x86.ActiveCfg = Debug|x64
		{15219FC0-AFBB-3AA0-9614-239A6C7E5D2D}.MinSizeRel|x64.ActiveCfg = MinSizeRel|x64
		{15219FC0-AFBB-3AA0-9614-239A6C7E5D2D}.MinSizeRel|x64.Build.0 = MinSizeRel|x64
		{15219FC0-AFBB-3AA0-9614-239A6C7E5D2D}.MinSizeRel|x86.ActiveCfg = MinSizeRel|x64
		{15219FC0-AFBB-3AA0-9614-239A6C7E5D2D}.Release|x64.ActiveCfg = Release|x64
		{15219FC0-AFBB-3AA0-9614-239A6C7E5D2D}.Release|x64.Build.0 = Release|x64
		{15219FC0-AFBB-3AA0-9614-239A6C7E5D2D}.Release|x86.ActiveCfg = Release|x64
		{15219FC0-AFBB-3AA0-9614-239A6C7E5D2D}.RelWithDebInfo|x64.ActiveCfg = RelWithDebInfo|x64
		{15219FC0-AFBB-3AA0-9614-239A6C7E5D2D}.RelWithDebInfo|x64.Build.0 = RelWithDebInfo|x64
		{15219FC0-AFBB-3AA0-9614-239A6C7E5D2D}.RelWithDebInfo|x86.ActiveCfg = RelWithDebInfo|x64
		{4228DC3E-ACBE-3115-A663-02CC2EF83143}.Debug|x64.ActiveCfg = Debug|x64
		{4228DC3E-ACBE-3115-A663-02CC2EF83143}.Debug|x64.Build.0 = Debug|x64
		{4228DC3E-ACBE-3115-A663-02CC2EF83143}.Debug|x86.ActiveCfg = Debug|x64
		{4228DC3E-ACBE-3115-A663-02CC2EF83143}.MinSizeRel|x64.ActiveCfg = MinSizeRel|x64
		{4228DC3E-ACBE-3115-A663-02CC2EF83143}.MinSizeRel|x64.Build.0 = MinSizeRel|x64
		{4228DC3E-ACBE-3115-A663-02CC2EF83143}.MinSizeRel|x86.ActiveCfg = MinSizeRel|x64
		{4228DC3E-ACBE-3115-A663-02CC2EF83143}.Release|x64.ActiveCfg = Release|x64
		{4228DC3E-ACBE-3115-A663-02CC2EF83143}.Release|x64.Build.0 = Release|x64
		{4228DC3E-ACBE-3115-A663-02CC2EF83143}.Release|x86.ActiveCfg = Release|x64
		{4228DC3E-ACBE-3115-A663-02CC2EF83143}.RelWithDebInfo|x64.ActiveCfg = RelWithDebInfo|x64
		{4228DC3E-ACBE-3115-A663-02CC2EF83143}.RelWithDebInfo|x64.Build.0 = RelWithDebInfo|x64
		{4228DC3E-ACBE-3115-A663-02CC2EF83143}.RelWithDebInfo|x86.ActiveCfg = RelWithDebInfo|x64
		{A5530854-26DE-3D55-9594-5FE9197F783B}.Debug|x64.ActiveCfg = Debug|x64
		{A5530854-26DE-3D55-9594-5FE9197F783B}.Debug|x86.ActiveCfg = Debug|x64
		{A5530854-26DE-3D55-9594-5FE9197F783B}.MinSizeRel|x64.ActiveCfg = MinSizeRel|x64
		{A5530854-26DE-3D55-9594-5FE9197F783B}.MinSizeRel|x86.ActiveCfg = MinSizeRel|x64
		{A5530854-26DE-3D55-9594-5FE9197F783B}.Release|x64.ActiveCfg = Release|x64
		{A5530854-26DE-3D55-9594-5FE9197F783B}.Release|x86.ActiveCfg = Release|x64
		{A5530854-26DE-3D55-9594-5FE9197F783B}.RelWithDebInfo|x64.ActiveCfg = RelWithDebInfo|x64
		{A5530854-26DE-3D55-9594-5FE9197F783B}.RelWithDebInfo|x86.ActiveCfg = RelWithDebInfo|x64
		{4C897B26-E321-3FD5-83BD-231BC28115BE}.Debug|x64.ActiveCfg = Debug|x64
		{4C897B26-E321-3FD5-83BD-231BC28115BE}.Debug|x86.ActiveCfg = Debug|x64
		{4C897B26-E321-3FD5-83BD-231BC28115BE}.MinSizeRel|x64.ActiveCfg = MinSizeRel|x64
		{4C897B26-E321-3FD5-83BD-231BC28115BE}.MinSizeRel|x86.ActiveCfg = MinSizeRel|x64
		{4C897B26-E321-3FD5-83BD-231BC28115BE}.Release|x64.ActiveCfg = Release|x64
		{4C897B26-E321-3FD5-83BD-231BC28115BE}.Release|x86.ActiveCfg = Release|x64
		{4C897B26-E321-3FD5-83BD-231BC28115BE}.RelWithDebInfo|x64.ActiveCfg = RelWithDebInfo|x64
		{4C897B26-E321-3FD5-83BD-231BC28115BE}.RelWithDebInfo|x86.ActiveCfg = RelWithDebInfo|x64
		{4C0FB460-BBF9-3AAA-879E-49F91696C978}.Debug|x64.ActiveCfg = Debug|x64
		{4C0FB460-BBF9-3AAA-879E-49F91696C978}.Debug|x64.Build.0 = Debug|x64
		{4C0FB460-BBF9-3AAA-879E-49F91696C978}.Debug|x86.ActiveCfg = Debug|x64
		{4C0FB460-BBF9-3AAA-879E-49F91696C978}.MinSizeRel|x64.ActiveCfg = MinSizeRel|x64
		{4C0FB460-BBF9-3AAA-879E-49F91696C978}.MinSizeRel|x64.Build.0 = MinSizeRel|x64
		{4C0FB460-BBF9-3AAA-879E-49F91696C978}.MinSizeRel|x86.ActiveCfg = MinSizeRel|x64
		{4C0FB460-BBF9-3AAA-879E-49F91696C978}.Release|x64.ActiveCfg = Release|x64
		{4C0FB460-BBF9-3AAA-879E-49F91696C978}.Release|x64.Build.0 = Release|x64
		{4C0FB460-BBF9-3AAA-879E-49F91696C978}.Release|x86.ActiveCfg = Release|x64
		{4C0FB460-BBF9-3AAA-879E-49F91696C978}.RelWithDebInfo|x64.ActiveCfg = RelWithDebInfo|x64
		{4C0FB460-BBF9-3AAA-879E-49F91696C978}.RelWithDebInfo|x64.Build.0 = RelWithDebInfo|x64
		{4C0FB460-BBF9-3AAA-879E-49F91696C978}.RelWithDebInfo|x86.ActiveCfg = RelWithDebInfo|x64
		{1F2C5C5D-584E-3CC6-9A80-103E5B3D7E46}.Debug|x64.ActiveCfg = Debug|x64
		{1F2C5C5D-584E-3CC6-9A80-103E5B3D7E46}.Debug|x64.Build.0 = Debug|x64
		{1F2C5C5D-584E-3CC6-9A80-103E5B3D7E46}.Debug|x86.ActiveCfg = Debug|x64
		{1F2C5C5D-584E-3CC6-9A80-103E5B3D7E46}.MinSizeRel|x64.ActiveCfg = MinSizeRel|x64
		{1F2C5C5D-584E-3CC6-9A80-103E5B3D7E46}.MinSizeRel|x64.Build.0 = MinSizeRel|x64
		{1F2C5C5D-584E-3CC6-9A80-103E5B3D7E46}.MinSizeRel|x86.ActiveCfg = MinSizeRel|x64
		{1F2C5C5D-584E-3CC6-9A80-103E5B3D7E46}.Release|x64.ActiveCfg = Release|x64
		{1F2C5C5D-584E-3CC6-9A80-103E5B3D7E46}.Release|x64.Build.0 = Release|x64
		{1F2C5C5D-584E-3CC6-9A80-103E5B3D7E46}.Release|x86.ActiveCfg = Release|x64
		{1F2C5C5D-584E-3CC6-9A80-103E5B3D7E46}.RelWithDebInfo|x64.ActiveCfg = RelWithDebInfo|x64
		{1F2C5C5D-584E-3CC6-9A80-103E5B3D7E46}.RelWithDebInfo|x64.Build.0 = RelWithDebInfo|x64
		{1F2C5C5D-584E-3CC6-9A80-103E5B3D7E46}.RelWithDebInfo|x86.ActiveCfg = RelWithDebInfo|x64
		{3A96C3E8-461E-3182-90D8-A2DDD06CE6A4}.Debug|x64.ActiveCfg = Debug|x64
		{3A96C3E8-461E-3182-90D8-A2DDD06CE6A4}.Debug|x64.Build.0 = Debug|x64
		{3A96C3E8-461E-3182-90D8-A2DDD06CE6A4}.Debug|x86.ActiveCfg = Debug|x64
		{3A96C3E8-461E-3182-90D8-A2DDD06CE6A4}.MinSizeRel|x64.ActiveCfg = MinSizeRel|x64
		{3A96C3E8-461E-3182-90D8-A2DDD06CE6A4}.MinSizeRel|x64.Build.0 = MinSizeRel|x64
		{3A96C3E8-461E-3182-90D8-A2DDD06CE6A4}.MinSizeRel|x86.ActiveCfg = MinSizeRel|x64
		{3A96C3E8-461E-3182-90D8-A2DDD06CE6A4}.Release|x64.ActiveCfg = Release|x64
		{3A96C3E8-461E-3182-90D8-A2DDD06CE6A4}.Release|x64.Build.0 = Release|x64
		{3A96C3E8-461E-3182-90D8-A2DDD06CE6A4}.Release|x86.ActiveCfg = Release|x64
		{3A96C3E8-461E-3182-90D8-A2DDD06CE6A4}.RelWithDebInfo|x64.ActiveCfg = RelWithDebInfo|x64
		{3A96C3E8-461E-3182-90D8-A2DDD06CE6A4}.RelWithDebInfo|x64.Build.0 = RelWithDebInfo|x64
		{3A96C3E8-461E-3182-90D8-A2DDD06CE6A4}.RelWithDebInfo|x86.ActiveCfg = RelWithDebInfo|x64
		{598ECB7C-CB6C-424B-BAF2-6811DD127B69}.Debug|x64.ActiveCfg = Debug|x64
		{598ECB7C-CB6C-424B-BAF2-6811DD127B69}.Debug|x64.Build.0 = Debug|x64
		{598ECB7C-CB6C-424B-BAF2-6811DD127B69}.Debug|x86.ActiveCfg = Debug|Win32
		{598ECB7C-CB6C-424B-BAF2-6811DD127B69}.Debug|x86.Build.0 = Debug|Win32
		{598ECB7C-CB6C-424B-BAF2-6811DD127B69}.MinSizeRel|x64.ActiveCfg = Debug|x64
		{598ECB7C-CB6C-424B-BAF2-6811DD127B69}.MinSizeRel|x64.Build.0 = Debug|x64
		{598ECB7C-CB6C-424B-BAF2-6811DD127B69}.MinSizeRel|x86.ActiveCfg = Debug|Win32
		{598ECB7C-CB6C-424B-BAF2-6811DD127B69}.MinSizeRel|x86.Build.0 = Debug|Win32
		{598ECB7C-CB6C-424B-BAF2-6811DD127B69}.Release|x64.ActiveCfg = Release|x64
		{598ECB7C-CB6C-424B-BAF2-6811DD127B69}.Release|x64.Build.0 = Release|x64
		{598ECB7C-CB6C-424B-BAF2-6811DD127B69}.Release|x86.ActiveCfg = Release|Win32
		{598ECB7C-CB6C-424B-BAF2-6811DD127B69}.Release|x86.Build.0 = Release|Win32
		{598ECB7C-CB6C-424B-BAF2-6811DD127B69}.RelWithDebInfo|x64.ActiveCfg = Release|x64
		{598ECB7C-CB6C-424B-BAF2-6811DD127B69}.RelWithDebInfo|x64.Build.0 = Release|x64
		{598ECB7C-CB6C-424B-BAF2-6811DD127B69}.RelWithDebInfo|x86.ActiveCfg = Release|Win32
		{598ECB7C-CB6C-424B-BAF2-6811DD127B69}.RelWithDebInfo|x86.Build.0 = Release|Win32
		{009CDB52-D2F8-4E68-8747-9438442A1CCC}.Debug|x64.ActiveCfg = Debug|x64
		{009CDB52-D2F8-4E68-8747-9438442A1CCC}.Debug|x64.Build.0 = Debug|x64
		{009CDB52-D2F8-4E68-8747-9438442A1CCC}.Debug|x86.ActiveCfg = Debug|Win32
		{009CDB52-D2F8-4E68-8747-9438442A1CCC}.Debug|x86.Build.0 = Debug|Win32
		{009CDB52-D2F8-4E68-8747-9438442A1CCC}.MinSizeRel|x64.ActiveCfg = Debug|x64
		{009CDB52-D2F8-4E68-8747-9438442A1CCC}.MinSizeRel|x64.Build.0 = Debug|x64
		{009CDB52-D2F8-4E68-8747-9438442A1CCC}.MinSizeRel|x86.ActiveCfg = Debug|Win32
		{009CDB52-D2F8-4E68-8747-9438442A1CCC}.MinSizeRel|x86.Build.0 = Debug|Win32
		{009CDB52-D2F8-4E68-8747-9438442A1CCC}.Release|x64.ActiveCfg = Release|x64
		{009CDB52-D2F8-4E68-8747-9438442A1CCC}.Release|x64.Build.0 = Release|x64
		{009CDB52-D2F8-4E68-8747-9438442A1CCC}.Release|x86.ActiveCfg = Release|Win32
		{009CDB52-D2F8-4E68-8747-9438442A1CCC}.Release|x86.Build.0 = Release|Win32
		{009CDB52-D2F8-4E68-8747-9438442A1CCC}.RelWithDebInfo|x64.ActiveCfg = Release|x64
		{009CDB52-D2F8-4E68-8747-9438442A1CCC}.RelWithDebInfo|x64.Build.0 = Release|x64
		{009CDB52-D2F8-4E68-8747-9438442A1CCC}.RelWithDebInfo|x86.ActiveCfg = Release|Win32
		{009CDB52-D2F8-4E68-8747-9438442A1CCC}.RelWithDebInfo|x86.Build.0 = Release|Win32
	EndGlobalSection
	GlobalSection(SolutionProperties) = preSolution
		HideSolutionNode = FALSE
	EndGlobalSection
	GlobalSection(NestedProjects) = preSolution
		{E88BC203-81C0-383B-A412-B4F47209342D} = {3F177439-4889-3761-8D02-4A15E9073DDC}
		{948A9036-65F5-34DC-8EF7-4C99F3B8ADCC} = {3F177439-4889-3761-8D02-4A15E9073DDC}
		{104733DD-4C8A-37F2-A35C-806E2719B944} = {5F3B208C-7BF1-3673-AB06-B71303958C17}
		{21E6D30E-2939-3083-80D0-ADB8BA6DE776} = {5F3B208C-7BF1-3673-AB06-B71303958C17}
		{95994F4D-4612-34D1-98FA-65F258E52B75} = {5F3B208C-7BF1-3673-AB06-B71303958C17}
		{BFB6E0E7-8758-3A93-AED4-F427E534C64D} = {948A9036-65F5-34DC-8EF7-4C99F3B8ADCC}
		{B9D383BC-E08D-3EB0-9220-C18C92102EDD} = {E88BC203-81C0-383B-A412-B4F47209342D}
		{CE62CA9A-55FE-3399-AFA2-B08BF3D43743} = {948A9036-65F5-34DC-8EF7-4C99F3B8ADCC}
		{C8C5BA0C-947D-34A6-98A2-1A96F542381E} = {948A9036-65F5-34DC-8EF7-4C99F3B8ADCC}
		{F027F668-F66C-3876-9860-03E6FA29AFEB} = {948A9036-65F5-34DC-8EF7-4C99F3B8ADCC}
		{504E97CC-BD89-3491-8CE1-6CFBFB5AB549} = {948A9036-65F5-34DC-8EF7-4C99F3B8ADCC}
		{E23313BC-8AA7-3974-899D-2D1A80B0C187} = {948A9036-65F5-34DC-8EF7-4C99F3B8ADCC}
		{EA4134F4-82B4-3EBC-AF85-1DFAFFA72FF0} = {E88BC203-81C0-383B-A412-B4F47209342D}
		{535B68C8-F4BA-357C-8B7F-24F73A9A6853} = {3F177439-4889-3761-8D02-4A15E9073DDC}
		{A2001C46-2903-395B-AB2E-60BA42509EED} = {948A9036-65F5-34DC-8EF7-4C99F3B8ADCC}
		{B6D42D27-96B4-3AC4-994B-8C193DE0B69D} = {E88BC203-81C0-383B-A412-B4F47209342D}
		{D9CCC0A2-B55D-34BC-A005-F2260F393408} = {948A9036-65F5-34DC-8EF7-4C99F3B8ADCC}
		{6CA338B5-ADA4-32DE-94E8-919ECF7E2509} = {948A9036-65F5-34DC-8EF7-4C99F3B8ADCC}
		{CA3839E9-68B4-3FFA-BA40-527038D068B0} = {948A9036-65F5-34DC-8EF7-4C99F3B8ADCC}
		{0B4A1626-7CD7-34A8-861B-698CECAC0F3A} = {948A9036-65F5-34DC-8EF7-4C99F3B8ADCC}
		{F067DE1A-95CB-3BCA-946F-4A1EAB9B99A6} = {948A9036-65F5-34DC-8EF7-4C99F3B8ADCC}
		{C057B75C-2291-3D8C-A40B-53616FC8F187} = {948A9036-65F5-34DC-8EF7-4C99F3B8ADCC}
		{0FEB59CB-9222-3088-9888-6171A8ECA41B} = {E88BC203-81C0-383B-A412-B4F47209342D}
		{54D0C71C-899C-3D09-ABDA-9496C411200A} = {E88BC203-81C0-383B-A412-B4F47209342D}
		{8CEE9B3F-FF2F-3B0F-82E0-11E51EBD7BE4} = {948A9036-65F5-34DC-8EF7-4C99F3B8ADCC}
		{104826E8-2D85-3D34-B9AE-F3BF7A57ECCB} = {E88BC203-81C0-383B-A412-B4F47209342D}
		{0E56DA10-7382-3079-AE99-374EAFB1F9FE} = {E88BC203-81C0-383B-A412-B4F47209342D}
		{6E6BC85D-D9F6-39C2-9B86-9CD076345748} = {948A9036-65F5-34DC-8EF7-4C99F3B8ADCC}
		{5CA2FB42-B4A4-38FB-8648-4AE69EC0F971} = {948A9036-65F5-34DC-8EF7-4C99F3B8ADCC}
		{E46771EE-53F2-30C9-8156-77A281887397} = {948A9036-65F5-34DC-8EF7-4C99F3B8ADCC}
		{7E4323F2-8052-35F7-B5D6-3E6CFF62B916} = {948A9036-65F5-34DC-8EF7-4C99F3B8ADCC}
		{09C912EB-D6EF-3F11-BC11-D954A981E147} = {E88BC203-81C0-383B-A412-B4F47209342D}
		{15219FC0-AFBB-3AA0-9614-239A6C7E5D2D} = {E88BC203-81C0-383B-A412-B4F47209342D}
		{4228DC3E-ACBE-3115-A663-02CC2EF83143} = {948A9036-65F5-34DC-8EF7-4C99F3B8ADCC}
		{A5530854-26DE-3D55-9594-5FE9197F783B} = {3F177439-4889-3761-8D02-4A15E9073DDC}
		{4C897B26-E321-3FD5-83BD-231BC28115BE} = {3F177439-4889-3761-8D02-4A15E9073DDC}
		{4C0FB460-BBF9-3AAA-879E-49F91696C978} = {E88BC203-81C0-383B-A412-B4F47209342D}
		{1F2C5C5D-584E-3CC6-9A80-103E5B3D7E46} = {948A9036-65F5-34DC-8EF7-4C99F3B8ADCC}
		{3A96C3E8-461E-3182-90D8-A2DDD06CE6A4} = {E88BC203-81C0-383B-A412-B4F47209342D}
	EndGlobalSection
	GlobalSection(ExtensibilityGlobals) = postSolution
		SolutionGuid = {2017FCD2-8E3D-3839-9218-019151C3BF5E}
	EndGlobalSection
EndGlobal
